{
  "name": "aws-url-redirect-tester",
  "requires": true,
  "lockfileVersion": 1,
  "dependencies": {
    "ansi-styles": {
      "version": "4.3.0",
      "resolved": "https://registry.npmjs.org/ansi-styles/-/ansi-styles-4.3.0.tgz",
      "integrity": "sha512-zbB9rCJAT1rbjiVDb2hqKFHNYLxgtk8NURxZ3IZwD3F6NtxbXZQCnnSi1Lkx+IDohdPlFp222wVALIheZJQSEg==",
      "requires": {
        "color-convert": "^2.0.1"
      }
    },
    "assert-diff": {
      "version": "3.0.2",
      "resolved": "https://registry.npmjs.org/assert-diff/-/assert-diff-3.0.2.tgz",
      "integrity": "sha512-3FaXH0uQeMcFpVTcFjOsd6GQdiGgDoy7BYu/HEj/YZ+bjgZLC/i8nSIgerlUbY+iyoCKdEdjzYyNO9BUPcwUmA==",
      "requires": {
        "assert-plus": "1.0.0",
        "json-diff": "0.5.4"
      }
    },
    "assert-plus": {
      "version": "1.0.0",
      "resolved": "https://registry.npmjs.org/assert-plus/-/assert-plus-1.0.0.tgz",
      "integrity": "sha1-8S4PPF13sLHN2RRpQuTpbB5N1SU="
    },
    "chalk": {
      "version": "4.1.2",
      "resolved": "https://registry.npmjs.org/chalk/-/chalk-4.1.2.tgz",
      "integrity": "sha512-oKnbhFyRIXpUuez8iBMmyEa4nbj4IOQyuhc/wy9kY7/WVPcwIO9VA668Pu8RkO7+0G76SLROeyw9CpQ061i4mA==",
      "requires": {
        "ansi-styles": "^4.1.0",
        "supports-color": "^7.1.0"
      }
    },
    "cli-color": {
      "version": "0.1.7",
      "resolved": "https://registry.npmjs.org/cli-color/-/cli-color-0.1.7.tgz",
      "integrity": "sha1-rcMgD6RxzCEbDaf1ZrcemLnWc0c=",
      "requires": {
        "es5-ext": "0.8.x"
      }
    },
    "color-convert": {
      "version": "2.0.1",
      "resolved": "https://registry.npmjs.org/color-convert/-/color-convert-2.0.1.tgz",
      "integrity": "sha512-RRECPsj7iu/xb5oKYcsFHSppFNnsj/52OVTRKb4zP5onXwVF3zVmmToNcOfGC+CRDpfK/U584fMg38ZHCaElKQ==",
      "requires": {
        "color-name": "~1.1.4"
      }
    },
    "color-name": {
      "version": "1.1.4",
      "resolved": "https://registry.npmjs.org/color-name/-/color-name-1.1.4.tgz",
      "integrity": "sha512-dOy+3AuW3a2wNbZHIuMZpTcgjGuLU/uBL/ubcZF9OXbDo8ff4O8yVp5Bf0efS8uEoYo5q4Fx7dY9OgQGXgAsQA=="
    },
    "diff": {
      "version": "5.0.0",
      "resolved": "https://registry.npmjs.org/diff/-/diff-5.0.0.tgz",
      "integrity": "sha512-/VTCrvm5Z0JGty/BWHljh+BAiw3IK+2j87NGMu8Nwc/f48WoDAC395uomO9ZD117ZOBaHmkX1oyLvkVM/aIT3w=="
    },
    "difflib": {
      "version": "0.2.4",
      "resolved": "https://registry.npmjs.org/difflib/-/difflib-0.2.4.tgz",
      "integrity": "sha1-teMDYabbAjF21WKJLbhZQKcY9H4=",
      "requires": {
        "heap": ">= 0.2.0"
      }
    },
    "dreamopt": {
      "version": "0.6.0",
      "resolved": "https://registry.npmjs.org/dreamopt/-/dreamopt-0.6.0.tgz",
      "integrity": "sha1-2BPM2sjTnYrVJndVFKE92mZNa0s=",
      "requires": {
        "wordwrap": ">=0.0.2"
      }
    },
    "es5-ext": {
      "version": "0.8.2",
      "resolved": "https://registry.npmjs.org/es5-ext/-/es5-ext-0.8.2.tgz",
      "integrity": "sha1-q6jZ4ZQ6iVrJaDemKjmz9V7NlKs="
    },
    "has-flag": {
      "version": "4.0.0",
      "resolved": "https://registry.npmjs.org/has-flag/-/has-flag-4.0.0.tgz",
      "integrity": "sha512-EykJT/Q1KjTWctppgIAgfSO0tKVuZUjhgMr17kqTumMl6Afv3EISleU7qZUzoXDFTAHTDC4NOoG/ZxU3EvlMPQ=="
    },
    "heap": {
      "version": "0.2.6",
      "resolved": "https://registry.npmjs.org/heap/-/heap-0.2.6.tgz",
      "integrity": "sha1-CH4fELBGky/IWU3Z5tN4r8nR5aw="
    },
    "json-diff": {
      "version": "0.5.4",
      "resolved": "https://registry.npmjs.org/json-diff/-/json-diff-0.5.4.tgz",
      "integrity": "sha512-q5Xmx9QXNOzOzIlMoYtLrLiu4Jl/Ce2bn0CNcv54PhyH89CI4GWlGVDye8ei2Ijt9R3U+vsWPsXpLUNob8bs8Q==",
      "requires": {
        "cli-color": "~0.1.6",
        "difflib": "~0.2.1",
        "dreamopt": "~0.6.0"
      }
    },
    "prettier": {
      "version": "2.3.2",
      "resolved": "https://registry.npmjs.org/prettier/-/prettier-2.3.2.tgz",
      "integrity": "sha512-lnJzDfJ66zkMy58OL5/NY5zp70S7Nz6KqcKkXYzn2tMVrNxvbqaBpg7H3qHaLxCJ5lNMsGuM8+ohS7cZrthdLQ=="
    },
    "supports-color": {
      "version": "7.2.0",
      "resolved": "https://registry.npmjs.org/supports-color/-/supports-color-7.2.0.tgz",
      "integrity": "sha512-qpCAvRl9stuOHveKsn7HncJRvv501qIacKzQlO/+Lwxc9+0q2wLyv4Dfvt80/DPn2pqOBsJdDiogXGR9+OvwRw==",
      "requires": {
        "has-flag": "^4.0.0"
      }
    },
    "wordwrap": {
      "version": "1.0.0",
      "resolved": "https://registry.npmjs.org/wordwrap/-/wordwrap-1.0.0.tgz",
      "integrity": "sha1-J1hIEIkUVqQXHI0CJkQa3pDLyus="
    }
  }
}
