github.com/aws/aws-sdk-go-v2 v1.41.5 h1:dj5kopbwUsVUVFgO4Fi5BIT3t4WyqIDjGKCangnV/yY=
github.com/aws/aws-sdk-go-v2 v1.41.5/go.mod h1:mwsPRE8ceUUpiTgF7QmQIJ7lgsKUPQOUl3o72QBrE1o=
github.com/aws/aws-sdk-go-v2/aws/protocol/eventstream v1.7.8 h1:eBMB84YGghSocM7PsjmmPffTa+1FBUeNvGvFou6V/4o=
github.com/aws/aws-sdk-go-v2/aws/protocol/eventstream v1.7.8/go.mod h1:lyw7GFp3qENLh7kwzf7iMzAxDn+NzjXEAGjKS2UOKqI=
github.com/aws/aws-sdk-go-v2/config v1.29.14 h1:f+eEi/2cKCg9pqKBoAIwRGzVb70MRKqWX4dg1BDcSJM=
github.com/aws/aws-sdk-go-v2/config v1.29.14/go.mod h1:wVPHWcIFv3WO89w0rE10gzf17ZYy+UVS1Geq8Iei34g=
github.com/aws/aws-sdk-go-v2/credentials v1.17.67 h1:9KxtdcIA/5xPNQyZRgUSpYOE6j9Bc4+D7nZua0KGYOM=
github.com/aws/aws-sdk-go-v2/credentials v1.17.67/go.mod h1:p3C44m+cfnbv763s52gCqrjaqyPikj9Sg47kUVaNZQQ=
github.com/aws/aws-sdk-go-v2/feature/ec2/imds v1.16.30 h1:x793wxmUWVDhshP8WW2mlnXuFrO4cOd3HLBroh1paFw=
github.com/aws/aws-sdk-go-v2/feature/ec2/imds v1.16.30/go.mod h1:Jpne2tDnYiFascUEs2AWHJL9Yp7A5ZVy3TNyxaAjD6M=
github.com/aws/aws-sdk-go-v2/internal/configsources v1.4.21 h1:Rgg6wvjjtX8bNHcvi9OnXWwcE0a2vGpbwmtICOsvcf4=
github.com/aws/aws-sdk-go-v2/internal/configsources v1.4.21/go.mod h1:A/kJFst/nm//cyqonihbdpQZwiUhhzpqTsdbhDdRF9c=
github.com/aws/aws-sdk-go-v2/internal/endpoints/v2 v2.7.21 h1:PEgGVtPoB6NTpPrBgqSE5hE/o47Ij9qk/SEZFbUOe9A=
github.com/aws/aws-sdk-go-v2/internal/endpoints/v2 v2.7.21/go.mod h1:p+hz+PRAYlY3zcpJhPwXlLC4C+kqn70WIHwnzAfs6ps=
github.com/aws/aws-sdk-go-v2/internal/ini v1.8.3 h1:bIqFDwgGXXN1Kpp99pDOdKMTTb5d2KyU5X/BZxjOkRo=
github.com/aws/aws-sdk-go-v2/internal/ini v1.8.3/go.mod h1:H5O/EsxDWyU+LP/V8i5sm8cxoZgc2fdNR9bxlOFrQTo=
github.com/aws/aws-sdk-go-v2/internal/v4a v1.4.22 h1:rWyie/PxDRIdhNf4DzRk0lvjVOqFJuNnO8WwaIRVxzQ=
github.com/aws/aws-sdk-go-v2/internal/v4a v1.4.22/go.mod h1:zd/JsJ4P7oGfUhXn1VyLqaRZwPmZwg44Jf2dS84Dm3Y=
github.com/aws/aws-sdk-go-v2/service/cloudformation v1.59.2 h1:o9cuZdZlI9VWMqsNa2mnf2IRsFAROHnaYA1BW3lHGuY=
github.com/aws/aws-sdk-go-v2/service/cloudformation v1.59.2/go.mod h1:penaZKzGmqHGZId4EUCBIW/f9l4Y7hQ5NKd45yoCYuI=
github.com/aws/aws-sdk-go-v2/service/cloudwatchlogs v1.49.0 h1:9ZzkbHkNpjBKx6r9GlskIXTB8Nfvp0PSlKyIuWjY7Cg=
github.com/aws/aws-sdk-go-v2/service/cloudwatchlogs v1.49.0/go.mod h1:uo14VBn5cNk/BPGTPz3kyLBxgpgOObgO8lmz+H7Z4Ck=
github.com/aws/aws-sdk-go-v2/service/codepipeline v1.41.0 h1:Xrw+FmTiatAPbjEwySsEf6lF0+2NtBwDcXnYH/jfk4k=
github.com/aws/aws-sdk-go-v2/service/codepipeline v1.41.0/go.mod h1:DbwgOhGcyAQbyKZDXbErngumtUExzwvd1uyMbKQcXto=
github.com/aws/aws-sdk-go-v2/service/ec2 v1.218.0 h1:QPYsTfcPpPhkF+37pxLcl3xbQz2SRxsShQNB6VCkvLo=
github.com/aws/aws-sdk-go-v2/service/ec2 v1.218.0/go.mod h1:ouvGEfHbLaIlWwpDpOVWPWR+YwO0HDv3vm5tYLq8ImY=
github.com/aws/aws-sdk-go-v2/service/ecs v1.57.0 h1:B8aicyNZV/2jsVfhVbuLlKT6uN/thAEk7xtPyQ42TkA=
github.com/aws/aws-sdk-go-v2/service/ecs v1.57.0/go.mod h1:wAtdeFanDuF9Re/ge4DRDaYe3Wy1OGrU7jG042UcuI4=
github.com/aws/aws-sdk-go-v2/service/elasticache v1.46.0 h1:UficfhqlA7k0zQ/x9pNKmyIIeHfvJUfdbzOQJKGJkt8=
github.com/aws/aws-sdk-go-v2/service/elasticache v1.46.0/go.mod h1:477YEP4FkrM0oUcw+w4vk4+XTB7WacLzPGPFj69kwkg=
github.com/aws/aws-sdk-go-v2/service/elasticbeanstalk v1.29.2 h1:H+y5KLrBk8TcYnsgaPcbBJRyuZlgbHhERV10l3uVnX8=
github.com/aws/aws-sdk-go-v2/service/elasticbeanstalk v1.29.2/go.mod h1:FB7NDXoKPiVvk2mDRbiHSZvivng/bhu/l7FCGzzd34Q=
github.com/aws/aws-sdk-go-v2/service/elasticloadbalancingv2 v1.45.2 h1:vX70Z4lNSr7XsioU0uJq5yvxgI50sB66MvD+V/3buS4=
github.com/aws/aws-sdk-go-v2/service/elasticloadbalancingv2 v1.45.2/go.mod h1:xnCC3vFBfOKpU6PcsCKL2ktgBTZfOwTGxj6V8/X3IS4=
github.com/aws/aws-sdk-go-v2/service/internal/accept-encoding v1.13.7 h1:5EniKhLZe4xzL7a+fU3C2tfUN4nWIqlLesfrjkuPFTY=
github.com/aws/aws-sdk-go-v2/service/internal/accept-encoding v1.13.7/go.mod h1:x0nZssQ3qZSnIcePWLvcoFisRXJzcTVvYpAAdYX8+GI=
github.com/aws/aws-sdk-go-v2/service/internal/checksum v1.9.13 h1:JRaIgADQS/U6uXDqlPiefP32yXTda7Kqfx+LgspooZM=
github.com/aws/aws-sdk-go-v2/service/internal/checksum v1.9.13/go.mod h1:CEuVn5WqOMilYl+tbccq8+N2ieCy0gVn3OtRb0vBNNM=
github.com/aws/aws-sdk-go-v2/service/internal/presigned-url v1.13.21 h1:c31//R3xgIJMSC8S6hEVq+38DcvUlgFY0FM6mSI5oto=
github.com/aws/aws-sdk-go-v2/service/internal/presigned-url v1.13.21/go.mod h1:r6+pf23ouCB718FUxaqzZdbpYFyDtehyZcmP5KL9FkA=
github.com/aws/aws-sdk-go-v2/service/internal/s3shared v1.19.21 h1:ZlvrNcHSFFWURB8avufQq9gFsheUgjVD9536obIknfM=
github.com/aws/aws-sdk-go-v2/service/internal/s3shared v1.19.21/go.mod h1:cv3TNhVrssKR0O/xxLJVRfd2oazSnZnkUeTf6ctUwfQ=
github.com/aws/aws-sdk-go-v2/service/lambda v1.71.2 h1:z926KZ1Ysi8Mbi4biJSAIRFdKemwQpO9M0QUTRLDaXA=
github.com/aws/aws-sdk-go-v2/service/lambda v1.71.2/go.mod h1:c27kk10S36lBYgbG1jR3opn4OAS5Y/4wjJa1GiHK/X4=
github.com/aws/aws-sdk-go-v2/service/rds v1.95.0 h1:7KmQEDuz6XWafMaeIahplfGSEakzX4RMSrNHyvhkEq8=
github.com/aws/aws-sdk-go-v2/service/rds v1.95.0/go.mod h1:CXiHj5rVyQ5Q3zNSoYzwaJfWm8IGDweyyCGfO8ei5fQ=
github.com/aws/aws-sdk-go-v2/service/route53 v1.51.1 h1:41HrH51fydStW2Tah74zkqZlJfyx4gXeuGOdsIFuckY=
github.com/aws/aws-sdk-go-v2/service/route53 v1.51.1/go.mod h1:kGYOjvTa0Vw0qxrqrOLut1vMnui6qLxqv/SX3vYeM8Y=
github.com/aws/aws-sdk-go-v2/service/s3 v1.97.3 h1:HwxWTbTrIHm5qY+CAEur0s/figc3qwvLWsNkF4RPToo=
github.com/aws/aws-sdk-go-v2/service/s3 v1.97.3/go.mod h1:uoA43SdFwacedBfSgfFSjjCvYe8aYBS7EnU5GZ/YKMM=
github.com/aws/aws-sdk-go-v2/service/sns v1.34.4 h1:ihddI5wufQQCJiujUgAvWRqZcfDmSKIfXlAuX7T95cg=
github.com/aws/aws-sdk-go-v2/service/sns v1.34.4/go.mod h1:PJtxxMdj747j8DeZENRTTYAz/lx/pADn/U0k7YNNiUY=
github.com/aws/aws-sdk-go-v2/service/sso v1.25.3 h1:1Gw+9ajCV1jogloEv1RRnvfRFia2cL6c9cuKV2Ps+G8=
github.com/aws/aws-sdk-go-v2/service/sso v1.25.3/go.mod h1:qs4a9T5EMLl/Cajiw2TcbNt2UNo/Hqlyp+GiuG4CFDI=
github.com/aws/aws-sdk-go-v2/service/ssooidc v1.30.1 h1:hXmVKytPfTy5axZ+fYbR5d0cFmC3JvwLm5kM83luako=
github.com/aws/aws-sdk-go-v2/service/ssooidc v1.30.1/go.mod h1:MlYRNmYu/fGPoxBQVvBYr9nyr948aY/WLUvwBMBJubs=
github.com/aws/aws-sdk-go-v2/service/sts v1.33.19 h1:1XuUZ8mYJw9B6lzAkXhqHlJd/XvaX32evhproijJEZY=
github.com/aws/aws-sdk-go-v2/service/sts v1.33.19/go.mod h1:cQnB8CUnxbMU82JvlqjKR2HBOm3fe9pWorWBza6MBJ4=
github.com/aws/aws-sdk-go-v2/service/wafv2 v1.60.1 h1:LMNN0VN6bw+SLySSa8ICYpZ+/aFZGf/lmq2hNVUYdqo=
github.com/aws/aws-sdk-go-v2/service/wafv2 v1.60.1/go.mod h1:Zai6/lANvFn0uX9OKqPGy4C9a7TIcbnlzzM1EHTd3kE=
github.com/aws/smithy-go v1.24.2 h1:FzA3bu/nt/vDvmnkg+R8Xl46gmzEDam6mZ1hzmwXFng=
github.com/aws/smithy-go v1.24.2/go.mod h1:YE2RhdIuDbA5E5bTdciG9KrW3+TiEONeUWCqxX9i1Fc=
github.com/bmatcuk/doublestar v1.3.4/go.mod h1:wiQtGV+rzVYxB7WIlirSN++5HPtPlXEo9MEoZQC/PmE=
github.com/bradleyjkemp/cupaloy v2.3.0+incompatible h1:UafIjBvWQmS9i/xRg+CamMrnLTKNzo+bdmT/oH34c2Y=
github.com/bradleyjkemp/cupaloy v2.3.0+incompatible/go.mod h1:Au1Xw1sgaJ5iSFktEhYsS0dbQiS1B0/XMXl+42y9Ilk=
github.com/creack/pty v1.1.9/go.mod h1:oKZEueFk5CKHvIhNR5MUki03XCEU+Q6VDXinZuGJ33E=
github.com/davecgh/go-spew v1.1.0/go.mod h1:J7Y8YcW2NihsgmVo/mv3lAwl/skON4iLHjSsI+c5H38=
github.com/davecgh/go-spew v1.1.1 h1:vj9j/u1bqnvCEfJOwUhtlOARqs3+rkHYY13jYWTU97c=
github.com/davecgh/go-spew v1.1.1/go.mod h1:J7Y8YcW2NihsgmVo/mv3lAwl/skON4iLHjSsI+c5H38=
github.com/deanishe/awgo v0.29.1 h1:yKAyy0e+HR60iPxaKHhY3hdTM5GCsECpWTP79j04bHg=
github.com/deanishe/awgo v0.29.1/go.mod h1:1yGF+uQfWXX99TiDfAYYKjJpHTq5lHEmvHFEVCHo6KA=
github.com/iancoleman/strcase v0.3.0 h1:nTXanmYxhfFAMjZL34Ov6gkzEsSJZ5DbhxWjvSASxEI=
github.com/iancoleman/strcase v0.3.0/go.mod h1:iwCmte+B7n89clKwxIoIXy/HfoL7AsD47ZCWhYzw7ho=
github.com/jessevdk/go-flags v1.4.0/go.mod h1:4FA24M0QyGHXBuZZK/XkWh8h0e1EYbRYJSGM75WSRxI=
github.com/kr/pretty v0.1.0/go.mod h1:dAy3ld7l9f0ibDNOQOHHMYYIIbhfbHSm3C4ZsoJORNo=
github.com/kr/pty v1.1.1/go.mod h1:pFQYn66WHrOpPYNljwOMqo10TkYh1fy3cYio2l3bCsQ=
github.com/kr/text v0.1.0/go.mod h1:4Jbv+DJW3UT/LiOwJeYQe1efqtUx/iVham/4vfdArNI=
github.com/kr/text v0.2.0 h1:5Nx0Ya0ZqY2ygV366QzturHI13Jq95ApcVaJBhpS+AY=
github.com/kr/text v0.2.0/go.mod h1:eLer722TekiGuMkidMxC/pM04lWEeraHUUmBw8l2grE=
github.com/magefile/mage v1.10.0/go.mod h1:z5UZb/iS3GoOSn0JgWuiw7dxlurVYTu+/jHXqQg881A=
github.com/magefile/mage v1.11.0/go.mod h1:z5UZb/iS3GoOSn0JgWuiw7dxlurVYTu+/jHXqQg881A=
github.com/magefile/mage v1.15.0 h1:BvGheCMAsG3bWUDbZ8AyXXpCNwU9u5CB6sM+HNb9HYg=
github.com/magefile/mage v1.15.0/go.mod h1:z5UZb/iS3GoOSn0JgWuiw7dxlurVYTu+/jHXqQg881A=
github.com/niemeyer/pretty v0.0.0-20200227124842-a10e7caefd8e h1:fD57ERR4JtEqsWbfPhv4DMiApHyliiK5xCTNVSPiaAs=
github.com/niemeyer/pretty v0.0.0-20200227124842-a10e7caefd8e/go.mod h1:zD1mROLANZcx1PVRCS0qkT7pwLkGfwJo4zjcN/Tysno=
github.com/pmezard/go-difflib v1.0.0 h1:4DBwDE0NGyQoBHbLQYPwSUPoCMWR5BEzIk/f1lZbAQM=
github.com/pmezard/go-difflib v1.0.0/go.mod h1:iKH77koFhYxTK1pcRnkKkqfTogsbg7gZNVY4sRDYZ/4=
github.com/stretchr/objx v0.1.0/go.mod h1:HFkY916IF+rwdDfMAkV7OtwuqBVzrE8GR6GFx+wExME=
github.com/stretchr/testify v1.4.0/go.mod h1:j7eGeouHqKxXV5pUuKE4zz7dFj8WfuZ+81PSLYec5m4=
github.com/stretchr/testify v1.6.1/go.mod h1:6Fq8oRcR53rry900zMqJjRRixrwX3KX962/h/Wwjteg=
github.com/stretchr/testify v1.7.0 h1:nwc3DEeHmmLAfoZucVR881uASk0Mfjw8xYJ99tb5CcY=
github.com/stretchr/testify v1.7.0/go.mod h1:6Fq8oRcR53rry900zMqJjRRixrwX3KX962/h/Wwjteg=
go.deanishe.net/env v0.5.1 h1:WiOncK5uJj8Um57Vj2dc1bq1lMN7fgRag9up7I3LZy0=
go.deanishe.net/env v0.5.1/go.mod h1:ihEYfDm0K0hq3f5ACTCQDrMTWxH9fTiA1lh1i0aMqm0=
go.deanishe.net/fuzzy v1.0.0 h1:3Qp6PCX0DLb9z03b5OHwAGsbRSkgJpSLncsiDdXDt4Y=
go.deanishe.net/fuzzy v1.0.0/go.mod h1:2yEEMfG7jWgT1s5EO0TteVWmx2MXFBRMr5cMm84bQNY=
golang.org/x/text v0.3.3/go.mod h1:5Zoc/QRtKVWzQhOtBMvqHzDpF6irO9z98xDceosuGiQ=
golang.org/x/text v0.3.6/go.mod h1:5Zoc/QRtKVWzQhOtBMvqHzDpF6irO9z98xDceosuGiQ=
golang.org/x/text v0.25.0 h1:qVyWApTSYLk/drJRO5mDlNYskwQznZmkpV2c8q9zls4=
golang.org/x/text v0.25.0/go.mod h1:WEdwpYrmk1qmdHvhkSTNPm3app7v4rsT8F2UD6+VHIA=
golang.org/x/tools v0.0.0-20180917221912-90fa682c2a6e/go.mod h1:n7NCudcB/nEzxVGmLbDWY5pfWTLqBcC2KZ6jyYvM4mQ=
gopkg.in/check.v1 v0.0.0-20161208181325-20d25e280405/go.mod h1:Co6ibVJAznAaIkqp8huTwlJQCZ016jof/cbN4VW5Yz0=
gopkg.in/check.v1 v1.0.0-20180628173108-788fd7840127/go.mod h1:Co6ibVJAznAaIkqp8huTwlJQCZ016jof/cbN4VW5Yz0=
gopkg.in/check.v1 v1.0.0-20200227125254-8fa46927fb4f h1:BLraFXnmrev5lT+xlilqcH8XK9/i0At2xKjWk4p6zsU=
gopkg.in/check.v1 v1.0.0-20200227125254-8fa46927fb4f/go.mod h1:Co6ibVJAznAaIkqp8huTwlJQCZ016jof/cbN4VW5Yz0=
gopkg.in/dnaeon/go-vcr.v4 v4.0.2 h1:7T5VYf2ifyK01ETHbJPl5A6XTpUljD4Trw3GEDcdedk=
gopkg.in/dnaeon/go-vcr.v4 v4.0.2/go.mod h1:65yxh9goQVrudqofKtHA4JNFWd6XZRkWfKN4YpMx7KI=
gopkg.in/ini.v1 v1.67.0 h1:Dgnx+6+nfE+IfzjUEISNeydPJh9AXNNsWbGP9KzCsOA=
gopkg.in/ini.v1 v1.67.0/go.mod h1:pNLf8WUiyNEtQjuu5G5vTm06TEv9tsIgeAvK8hOrP4k=
gopkg.in/yaml.v2 v2.2.1/go.mod h1:hI93XBmqTisBFMUTm0b8Fm+jr3Dg1NNxqwp+5A1VGuI=
gopkg.in/yaml.v2 v2.2.2/go.mod h1:hI93XBmqTisBFMUTm0b8Fm+jr3Dg1NNxqwp+5A1VGuI=
gopkg.in/yaml.v2 v2.4.0 h1:D8xgwECY7CYvx+Y2n4sBz93Jn9JRvxdiyyo8CTfuKaY=
gopkg.in/yaml.v2 v2.4.0/go.mod h1:RDklbk79AGWmwhnvt/jBztapEOGDOx6ZbXqjP6csGnQ=
gopkg.in/yaml.v3 v3.0.0-20200313102051-9f266ea9e77c/go.mod h1:K4uyk7z7BCEPqu6E+C64Yfv1cQ7kz7rIZviUmN+EgEM=
gopkg.in/yaml.v3 v3.0.0-20210107192922-496545a6307b/go.mod h1:K4uyk7z7BCEPqu6E+C64Yfv1cQ7kz7rIZviUmN+EgEM=
gopkg.in/yaml.v3 v3.0.1 h1:fxVm/GzAzEWqLHuvctI91KS9hhNmmWOoWu0XTYJS7CA=
gopkg.in/yaml.v3 v3.0.1/go.mod h1:K4uyk7z7BCEPqu6E+C64Yfv1cQ7kz7rIZviUmN+EgEM=
howett.net/plist v0.0.0-20201203080718-1454fab16a06/go.mod h1:vMygbs4qMhSZSc4lCUl2OEE+rDiIIJAIdR4m7MiMcm0=
