github.com/aws/aws-sdk-go-v2 v1.16.4/go.mod h1:ytwTPBG6fXTZLxxeeCCWj2/EMYp/xDUgX+OET6TLNNU=
github.com/aws/aws-sdk-go-v2 v1.16.8 h1:gOe9UPR98XSf7oEJCcojYg+N2/jCRm4DdeIsP85pIyQ=
github.com/aws/aws-sdk-go-v2 v1.16.8/go.mod h1:6CpKuLXg2w7If3ABZCl/qZ6rEgwtjZTn4eAf4RcEyuw=
github.com/aws/aws-sdk-go-v2/aws/protocol/eventstream v1.4.1 h1:SdK4Ppk5IzLs64ZMvr6MrSficMtjY2oS0WOORXTlxwU=
github.com/aws/aws-sdk-go-v2/aws/protocol/eventstream v1.4.1/go.mod h1:n8Bs1ElDD2wJ9kCRTczA83gYbBmjSwZp3umc6zF4EeM=
github.com/aws/aws-sdk-go-v2/config v1.15.7 h1:PrzhYjDpWnGSpjedmEapldQKPW4x8cCNzUI8XOho1CM=
github.com/aws/aws-sdk-go-v2/config v1.15.7/go.mod h1:exERlvqx1OoUHrxQpMgrmfSW0H6B1+r3xziZD3bBXRg=
github.com/aws/aws-sdk-go-v2/credentials v1.12.2 h1:tX4EHQFU4+O9at5QjnwIKb/Qgv7MbgbUNtqTRF0Vu2M=
github.com/aws/aws-sdk-go-v2/credentials v1.12.2/go.mod h1:/XWqDVuzclEKvzileqtD7/t+wIhOogv//6JFlKEe0Wc=
github.com/aws/aws-sdk-go-v2/feature/ec2/imds v1.12.5 h1:YPxclBeE07HsLQE8vtjC8T2emcTjM9nzqsnDi2fv5UM=
github.com/aws/aws-sdk-go-v2/feature/ec2/imds v1.12.5/go.mod h1:WAPnuhG5IQ/i6DETFl5NmX3kKqCzw7aau9NHAGcm4QE=
github.com/aws/aws-sdk-go-v2/internal/configsources v1.1.11/go.mod h1:tmUB6jakq5DFNcXsXOA/ZQ7/C8VnSKYkx58OI7Fh79g=
github.com/aws/aws-sdk-go-v2/internal/configsources v1.1.15 h1:bx5F2mr6H6FC7zNIQoDoUr8wEKnvmwRncujT3FYRtic=
github.com/aws/aws-sdk-go-v2/internal/configsources v1.1.15/go.mod h1:pWrr2OoHlT7M/Pd2y4HV3gJyPb3qj5qMmnPkKSNPYK4=
github.com/aws/aws-sdk-go-v2/internal/endpoints/v2 v2.4.5/go.mod h1:fV1AaS2gFc1tM0RCb015FJ0pvWVUfJZANzjwoO4YakM=
github.com/aws/aws-sdk-go-v2/internal/endpoints/v2 v2.4.9 h1:5sbyznZC2TeFpa4fvtpvpcGbzeXEEs1l1Jo51ynUNsQ=
github.com/aws/aws-sdk-go-v2/internal/endpoints/v2 v2.4.9/go.mod h1:08tUpeSGN33QKSO7fwxXczNfiwCpbj+GxK6XKwqWVv0=
github.com/aws/aws-sdk-go-v2/internal/ini v1.3.12 h1:j0VqrjtgsY1Bx27tD0ysay36/K4kFMWRp9K3ieO9nLU=
github.com/aws/aws-sdk-go-v2/internal/ini v1.3.12/go.mod h1:00c7+ALdPh4YeEUPXJzyU0Yy01nPGOq2+9rUaz05z9g=
github.com/aws/aws-sdk-go-v2/internal/v4a v1.0.2 h1:1fs9WkbFcMawQjxEI0B5L0SqvBhJZebxWM6Z3x/qHWY=
github.com/aws/aws-sdk-go-v2/internal/v4a v1.0.2/go.mod h1:0jDVeWUFPbI3sOfsXXAsIdiawXcn7VBLx/IlFVTRP64=
github.com/aws/aws-sdk-go-v2/service/cloudformation v1.20.5 h1:ecQoqO5lGAhkqUa0OrZOs/ArydmKUXKz0Y2i8OVuPKc=
github.com/aws/aws-sdk-go-v2/service/cloudformation v1.20.5/go.mod h1:huercjBWqY2xTjzk/oxYfClRmtrjmYOda06piALZMCo=
github.com/aws/aws-sdk-go-v2/service/cloudwatchlogs v1.15.6 h1:s1ZVjXwY8mCQL/mJzGyuDh1aCHwnQ2J1b+CywvqBg2A=
github.com/aws/aws-sdk-go-v2/service/cloudwatchlogs v1.15.6/go.mod h1:21u3hbkLTcsbjH5fyXQc8NKJrq0zsuUH0Aan00i85Hk=
github.com/aws/aws-sdk-go-v2/service/codepipeline v1.13.9 h1:UY24AJ6JfgLSrhIaaQvwDoy+Yh+LcHZbWtink/zaIuI=
github.com/aws/aws-sdk-go-v2/service/codepipeline v1.13.9/go.mod h1:UYH1Npj4ZKcYTJS1t+sl/pZfckFNMMFSZwqnRgftCmA=
github.com/aws/aws-sdk-go-v2/service/ec2 v1.43.1 h1:+0rQtxwNGYbgTXUik6+pA30yeuleipjgUNbbevaGxo4=
github.com/aws/aws-sdk-go-v2/service/ec2 v1.43.1/go.mod h1:b2SVOmsP7A9VlTpfkJAVbU3d+TQfD76x9IUNbvynAbM=
github.com/aws/aws-sdk-go-v2/service/elasticache v1.20.7 h1:tMrH+9inQX/4qcIknvyyspHZjcIScyIKAwFwL2NdpY0=
github.com/aws/aws-sdk-go-v2/service/elasticache v1.20.7/go.mod h1:pZRQKRMiiLpuHCS4+W/sTT+H3pZpcmQe18dB/arQo2w=
github.com/aws/aws-sdk-go-v2/service/elasticbeanstalk v1.14.5 h1:7XrGW4Te6Z+cF66M6YsfFhCsYCcGYeMR0isGNpEp+84=
github.com/aws/aws-sdk-go-v2/service/elasticbeanstalk v1.14.5/go.mod h1:yWzmq5U+liS3DXaZmYi/OL9teB/qopJTNZfHfq0xZSo=
github.com/aws/aws-sdk-go-v2/service/elasticloadbalancingv2 v1.18.5 h1:OR1FrOPrNISfOeYGXN3Tlj35meOpYkW0gdXQ2jvu4U0=
github.com/aws/aws-sdk-go-v2/service/elasticloadbalancingv2 v1.18.5/go.mod h1:v+U73J9xr5bwN0IYXIUlQnfWGVrcIGlY1wuq+vDsCyg=
github.com/aws/aws-sdk-go-v2/service/internal/accept-encoding v1.9.1 h1:T4pFel53bkHjL2mMo+4DKE6r6AuoZnM0fg7k1/ratr4=
github.com/aws/aws-sdk-go-v2/service/internal/accept-encoding v1.9.1/go.mod h1:GeUru+8VzrTXV/83XyMJ80KpH8xO89VPoUileyNQ+tc=
github.com/aws/aws-sdk-go-v2/service/internal/checksum v1.1.6 h1:9mvDAsMiN+07wcfGM+hJ1J3dOKZ2YOpDiPZ6ufRJcgw=
github.com/aws/aws-sdk-go-v2/service/internal/checksum v1.1.6/go.mod h1:Eus+Z2iBIEfhOvhSdMTcscNOMy6n3X9/BJV0Zgax98w=
github.com/aws/aws-sdk-go-v2/service/internal/presigned-url v1.9.5 h1:gRW1ZisKc93EWEORNJRvy/ZydF3o6xLSveJHdi1Oa0U=
github.com/aws/aws-sdk-go-v2/service/internal/presigned-url v1.9.5/go.mod h1:ZbkttHXaVn3bBo/wpJbQGiiIWR90eTBUVBrEHUEQlho=
github.com/aws/aws-sdk-go-v2/service/internal/s3shared v1.13.5 h1:DyPYkrH4R2zn+Pdu6hM3VTuPsQYAE6x2WB24X85Sgw0=
github.com/aws/aws-sdk-go-v2/service/internal/s3shared v1.13.5/go.mod h1:XtL92YWo0Yq80iN3AgYRERJqohg4TozrqRlxYhHGJ7g=
github.com/aws/aws-sdk-go-v2/service/lambda v1.23.1 h1:sDA1G6xYGxD13Payuk1DHdL3WP5M+ThXnu8B/jtq49U=
github.com/aws/aws-sdk-go-v2/service/lambda v1.23.1/go.mod h1:lKQt+LgUWCTmIqy+f42/QeususXmc6CbOtjnME6znCU=
github.com/aws/aws-sdk-go-v2/service/rds v1.21.2 h1:koOP7LTN1VngzNcVsiSsdjBTYEZPhj4idEhnq4EX2NE=
github.com/aws/aws-sdk-go-v2/service/rds v1.21.2/go.mod h1:a8Ix/wWg2ezbeAgr1gpzgX/IvD9FL3asy27Lqqj2Pvk=
github.com/aws/aws-sdk-go-v2/service/route53 v1.20.5 h1:Vex6D07/CmahT0LIaiRk+j9xyVAsvQxBa8iv38p3Ajc=
github.com/aws/aws-sdk-go-v2/service/route53 v1.20.5/go.mod h1:QZWV7sxHUg/qsPJcAtAI9JyLPKZ78weHmdILmYMCqEE=
github.com/aws/aws-sdk-go-v2/service/s3 v1.26.10 h1:GWdLZK0r1AK5sKb8rhB9bEXqXCK8WNuyv4TBAD6ZviQ=
github.com/aws/aws-sdk-go-v2/service/s3 v1.26.10/go.mod h1:+O7qJxF8nLorAhuIVhYTHse6okjHJJm4EwhhzvpnkT0=
github.com/aws/aws-sdk-go-v2/service/sns v1.17.6 h1:ESfYOZpbrkjsRZT1DMfTiYoRdQ9++mTmRAVv+m4zeNs=
github.com/aws/aws-sdk-go-v2/service/sns v1.17.6/go.mod h1:5dkTvZXk8wp8o367VdTw6SNkPk6pXwUx2m89LeC/fWw=
github.com/aws/aws-sdk-go-v2/service/sso v1.11.5 h1:TfJ/zuOYvHnxkvohSwAF3Ppn9KT/SrGZuOZHTPy8Guw=
github.com/aws/aws-sdk-go-v2/service/sso v1.11.5/go.mod h1:TFVe6Rr2joVLsYQ1ABACXgOC6lXip/qpX2x5jWg/A9w=
github.com/aws/aws-sdk-go-v2/service/sts v1.16.6 h1:aYToU0/iazkMY67/BYLt3r6/LT/mUtarLAF5mGof1Kg=
github.com/aws/aws-sdk-go-v2/service/sts v1.16.6/go.mod h1:rP1rEOKAGZoXp4iGDxSXFvODAtXpm34Egf0lL0eshaQ=
github.com/aws/aws-sdk-go-v2/service/wafv2 v1.20.1 h1:qYB1iC3aa9akABS6irCowA/WF0jbms0gYHenpLSJ56E=
github.com/aws/aws-sdk-go-v2/service/wafv2 v1.20.1/go.mod h1:k3Pfvl+09bNl8zdIwdQer7GTAFZce7XQEJg/uhK9CXA=
github.com/aws/smithy-go v1.11.2/go.mod h1:3xHYmszWVx2c0kIwQeEVf9uSm4fYZt67FBJnwub1bgM=
github.com/aws/smithy-go v1.12.0 h1:gXpeZel/jPoWQ7OEmLIgCUnhkFftqNfwWUwAHSlp1v0=
github.com/aws/smithy-go v1.12.0/go.mod h1:Tg+OJXh4MB2R/uN61Ko2f6hTZwB/ZYGOtib8J3gBHzA=
github.com/bmatcuk/doublestar v1.3.4/go.mod h1:wiQtGV+rzVYxB7WIlirSN++5HPtPlXEo9MEoZQC/PmE=
github.com/bradleyjkemp/cupaloy v2.3.0+incompatible h1:UafIjBvWQmS9i/xRg+CamMrnLTKNzo+bdmT/oH34c2Y=
github.com/bradleyjkemp/cupaloy v2.3.0+incompatible/go.mod h1:Au1Xw1sgaJ5iSFktEhYsS0dbQiS1B0/XMXl+42y9Ilk=
github.com/cheekybits/genny v1.0.0 h1:uGGa4nei+j20rOSeDeP5Of12XVm7TGUd4dJA9RDitfE=
github.com/cheekybits/genny v1.0.0/go.mod h1:+tQajlRqAUrPI7DOSpB0XAqZYtQakVtB7wXkRAgjxjQ=
github.com/creack/pty v1.1.9/go.mod h1:oKZEueFk5CKHvIhNR5MUki03XCEU+Q6VDXinZuGJ33E=
github.com/davecgh/go-spew v1.1.0/go.mod h1:J7Y8YcW2NihsgmVo/mv3lAwl/skON4iLHjSsI+c5H38=
github.com/davecgh/go-spew v1.1.1 h1:vj9j/u1bqnvCEfJOwUhtlOARqs3+rkHYY13jYWTU97c=
github.com/davecgh/go-spew v1.1.1/go.mod h1:J7Y8YcW2NihsgmVo/mv3lAwl/skON4iLHjSsI+c5H38=
github.com/deanishe/awgo v0.29.1 h1:yKAyy0e+HR60iPxaKHhY3hdTM5GCsECpWTP79j04bHg=
github.com/deanishe/awgo v0.29.1/go.mod h1:1yGF+uQfWXX99TiDfAYYKjJpHTq5lHEmvHFEVCHo6KA=
github.com/dnaeon/go-vcr v1.0.1 h1:r8L/HqC0Hje5AXMu1ooW8oyQyOFv4GxqpL0nRP7SLLY=
github.com/dnaeon/go-vcr v1.0.1/go.mod h1:aBB1+wY4s93YsC3HHjMBMrwTj2R9FHDzUr9KyGc8n1E=
github.com/google/go-cmp v0.5.7/go.mod h1:n+brtR0CgQNWTVd5ZUFpTBC8YFBDLK/h/bpaJ8/DtOE=
github.com/google/go-cmp v0.5.8 h1:e6P7q2lk1O+qJJb4BtCQXlK8vWEO8V1ZeuEdJNOqZyg=
github.com/google/go-cmp v0.5.8/go.mod h1:17dUlkBOakJ0+DkrSSNjCkIjxS6bF9zb3elmeNGIjoY=
github.com/gopherjs/gopherjs v0.0.0-20181017120253-0766667cb4d1 h1:EGx4pi6eqNxGaHF6qqu48+N2wcFQ5qg5FXgOdqsJ5d8=
github.com/gopherjs/gopherjs v0.0.0-20181017120253-0766667cb4d1/go.mod h1:wJfORRmW1u3UXTncJ5qlYoELFm8eSnnEO6hX4iZ3EWY=
github.com/iancoleman/strcase v0.1.3 h1:dJBk1m2/qjL1twPLf68JND55vvivMupZ4wIzE8CTdBw=
github.com/iancoleman/strcase v0.1.3/go.mod h1:SK73tn/9oHe+/Y0h39VT4UCxmurVJkR5NA7kMEAOgSE=
github.com/jessevdk/go-flags v1.4.0/go.mod h1:4FA24M0QyGHXBuZZK/XkWh8h0e1EYbRYJSGM75WSRxI=
github.com/jmespath/go-jmespath v0.4.0 h1:BEgLn5cpjn8UN1mAw4NjwDrS35OdebyEtFe+9YPoQUg=
github.com/jmespath/go-jmespath v0.4.0/go.mod h1:T8mJZnbsbmF+m6zOOFylbeCJqk5+pHWvzYPziyZiYoo=
github.com/jmespath/go-jmespath/internal/testify v1.5.1 h1:shLQSRRSCCPj3f2gpwzGwWFoC7ycTf1rcQZHOlsJ6N8=
github.com/jmespath/go-jmespath/internal/testify v1.5.1/go.mod h1:L3OGu8Wl2/fWfCI6z80xFu9LTZmf1ZRjMHUOPmWr69U=
github.com/jtolds/gls v4.20.0+incompatible h1:xdiiI2gbIgH/gLH7ADydsJ1uDOEzR8yvV7C0MuV77Wo=
github.com/jtolds/gls v4.20.0+incompatible/go.mod h1:QJZ7F/aHp+rZTRtaJ1ow/lLfFfVYBRgL+9YlvaHOwJU=
github.com/kr/pretty v0.1.0/go.mod h1:dAy3ld7l9f0ibDNOQOHHMYYIIbhfbHSm3C4ZsoJORNo=
github.com/kr/pty v1.1.1/go.mod h1:pFQYn66WHrOpPYNljwOMqo10TkYh1fy3cYio2l3bCsQ=
github.com/kr/text v0.1.0/go.mod h1:4Jbv+DJW3UT/LiOwJeYQe1efqtUx/iVham/4vfdArNI=
github.com/kr/text v0.2.0 h1:5Nx0Ya0ZqY2ygV366QzturHI13Jq95ApcVaJBhpS+AY=
github.com/kr/text v0.2.0/go.mod h1:eLer722TekiGuMkidMxC/pM04lWEeraHUUmBw8l2grE=
github.com/magefile/mage v1.10.0/go.mod h1:z5UZb/iS3GoOSn0JgWuiw7dxlurVYTu+/jHXqQg881A=
github.com/magefile/mage v1.11.0/go.mod h1:z5UZb/iS3GoOSn0JgWuiw7dxlurVYTu+/jHXqQg881A=
github.com/magefile/mage v1.12.1 h1:oGdAbhIUd6iKamKlDGVtU6XGdy5SgNuCWn7gCTgHDtU=
github.com/magefile/mage v1.12.1/go.mod h1:z5UZb/iS3GoOSn0JgWuiw7dxlurVYTu+/jHXqQg881A=
github.com/niemeyer/pretty v0.0.0-20200227124842-a10e7caefd8e h1:fD57ERR4JtEqsWbfPhv4DMiApHyliiK5xCTNVSPiaAs=
github.com/niemeyer/pretty v0.0.0-20200227124842-a10e7caefd8e/go.mod h1:zD1mROLANZcx1PVRCS0qkT7pwLkGfwJo4zjcN/Tysno=
github.com/pmezard/go-difflib v1.0.0 h1:4DBwDE0NGyQoBHbLQYPwSUPoCMWR5BEzIk/f1lZbAQM=
github.com/pmezard/go-difflib v1.0.0/go.mod h1:iKH77koFhYxTK1pcRnkKkqfTogsbg7gZNVY4sRDYZ/4=
github.com/smartystreets/assertions v1.2.0 h1:42S6lae5dvLc7BrLu/0ugRtcFVjoJNMC/N3yZFZkDFs=
github.com/smartystreets/assertions v1.2.0/go.mod h1:tcbTF8ujkAEcZ8TElKY+i30BzYlVhC/LOxJk7iOWnoo=
github.com/smartystreets/goconvey v1.7.2 h1:9RBaZCeXEQ3UselpuwUQHltGVXvdwm6cv1hgR6gDIPg=
github.com/smartystreets/goconvey v1.7.2/go.mod h1:Vw0tHAZW6lzCRk3xgdin6fKYcG+G3Pg9vgXWeJpQFMM=
github.com/stretchr/objx v0.1.0/go.mod h1:HFkY916IF+rwdDfMAkV7OtwuqBVzrE8GR6GFx+wExME=
github.com/stretchr/testify v1.4.0/go.mod h1:j7eGeouHqKxXV5pUuKE4zz7dFj8WfuZ+81PSLYec5m4=
github.com/stretchr/testify v1.6.1/go.mod h1:6Fq8oRcR53rry900zMqJjRRixrwX3KX962/h/Wwjteg=
github.com/stretchr/testify v1.7.0 h1:nwc3DEeHmmLAfoZucVR881uASk0Mfjw8xYJ99tb5CcY=
github.com/stretchr/testify v1.7.0/go.mod h1:6Fq8oRcR53rry900zMqJjRRixrwX3KX962/h/Wwjteg=
go.deanishe.net/env v0.5.1 h1:WiOncK5uJj8Um57Vj2dc1bq1lMN7fgRag9up7I3LZy0=
go.deanishe.net/env v0.5.1/go.mod h1:ihEYfDm0K0hq3f5ACTCQDrMTWxH9fTiA1lh1i0aMqm0=
go.deanishe.net/fuzzy v1.0.0 h1:3Qp6PCX0DLb9z03b5OHwAGsbRSkgJpSLncsiDdXDt4Y=
go.deanishe.net/fuzzy v1.0.0/go.mod h1:2yEEMfG7jWgT1s5EO0TteVWmx2MXFBRMr5cMm84bQNY=
golang.org/x/crypto v0.0.0-20190308221718-c2843e01d9a2/go.mod h1:djNgcEr1/C05ACkg1iLfiJU5Ep61QUkGW8qpdssI0+w=
golang.org/x/mod v0.6.0-dev.0.20220419223038-86c51ed26bb4 h1:6zppjxzCulZykYSLyVDYbneBfbaBIQPYMevg0bEwv2s=
golang.org/x/mod v0.6.0-dev.0.20220419223038-86c51ed26bb4/go.mod h1:jJ57K6gSWd91VN4djpZkiMVwK6gcyfeH4XE8wZrZaV4=
golang.org/x/mod v0.7.0 h1:LapD9S96VoQRhi/GrNTqeBJFrUjs5UHCAtTlgwA5oZA=
golang.org/x/mod v0.7.0/go.mod h1:iBbtSCu2XBx23ZKBPSOrRkjjQPZFPuis4dIYUhu/chs=
golang.org/x/net v0.0.0-20190311183353-d8887717615a/go.mod h1:t9HGtf8HONx5eT2rtn7q6eTqICYqUVnKs3thJo3Qplg=
golang.org/x/sys v0.0.0-20190215142949-d0b11bdaac8a/go.mod h1:STP8DvDyc/dI5b8T5hshtkjS+E42TnysNCUPdjciGhY=
golang.org/x/sys v0.0.0-20220722155257-8c9f86f7a55f h1:v4INt8xihDGvnrfjMDVXGxw9wrfxYyCjk0KbXjhR55s=
golang.org/x/sys v0.0.0-20220722155257-8c9f86f7a55f/go.mod h1:oPkhp1MJrh7nUepCBck5+mAzfO9JrbApNNgaTdGDITg=
golang.org/x/sys v0.4.0 h1:Zr2JFtRQNX3BCZ8YtxRE9hNJYC8J6I1MVbMg6owUp18=
golang.org/x/sys v0.4.0/go.mod h1:oPkhp1MJrh7nUepCBck5+mAzfO9JrbApNNgaTdGDITg=
golang.org/x/text v0.3.0/go.mod h1:NqM8EUOU14njkJ3fqMW+pc6Ldnwhi/IjpwHt7yyuwOQ=
golang.org/x/text v0.3.3/go.mod h1:5Zoc/QRtKVWzQhOtBMvqHzDpF6irO9z98xDceosuGiQ=
golang.org/x/text v0.3.6/go.mod h1:5Zoc/QRtKVWzQhOtBMvqHzDpF6irO9z98xDceosuGiQ=
golang.org/x/text v0.3.7 h1:olpwvP2KacW1ZWvsR7uQhoyTYvKAupfQrRGBFM352Gk=
golang.org/x/text v0.3.7/go.mod h1:u+2+/6zg+i71rQMx5EYifcz6MCKuco9NR6JIITiCfzQ=
golang.org/x/tools v0.0.0-20180917221912-90fa682c2a6e/go.mod h1:n7NCudcB/nEzxVGmLbDWY5pfWTLqBcC2KZ6jyYvM4mQ=
golang.org/x/tools v0.0.0-20190328211700-ab21143f2384 h1:TFlARGu6Czu1z7q93HTxcP1P+/ZFC/IKythI5RzrnRg=
golang.org/x/tools v0.0.0-20190328211700-ab21143f2384/go.mod h1:LCzVGOaR6xXOjkQ3onu1FJEFr0SW1gC7cKk1uF8kGRs=
golang.org/x/tools v0.1.12 h1:VveCTK38A2rkS8ZqFY25HIDFscX5X9OoEhJd3quQmXU=
golang.org/x/tools v0.1.12/go.mod h1:hNGJHUnrk76NpqgfD5Aqm5Crs+Hm0VOH/i9J2+nxYbc=
golang.org/x/tools v0.5.0 h1:+bSpV5HIeWkuvgaMfI3UmKRThoTA5ODJTUd8T17NO+4=
golang.org/x/tools v0.5.0/go.mod h1:N+Kgy78s5I24c24dU8OfWNEotWjutIs8SnJvn5IDq+k=
golang.org/x/xerrors v0.0.0-20191204190536-9bdfabe68543/go.mod h1:I/5z698sn9Ka8TeJc9MKroUUfqBBauWjQqLJ2OPfmY0=
gopkg.in/check.v1 v0.0.0-20161208181325-20d25e280405/go.mod h1:Co6ibVJAznAaIkqp8huTwlJQCZ016jof/cbN4VW5Yz0=
gopkg.in/check.v1 v1.0.0-20180628173108-788fd7840127/go.mod h1:Co6ibVJAznAaIkqp8huTwlJQCZ016jof/cbN4VW5Yz0=
gopkg.in/check.v1 v1.0.0-20200227125254-8fa46927fb4f h1:BLraFXnmrev5lT+xlilqcH8XK9/i0At2xKjWk4p6zsU=
gopkg.in/check.v1 v1.0.0-20200227125254-8fa46927fb4f/go.mod h1:Co6ibVJAznAaIkqp8huTwlJQCZ016jof/cbN4VW5Yz0=
gopkg.in/ini.v1 v1.62.0 h1:duBzk771uxoUuOlyRLkHsygud9+5lrlGjdFBb4mSKDU=
gopkg.in/ini.v1 v1.62.0/go.mod h1:pNLf8WUiyNEtQjuu5G5vTm06TEv9tsIgeAvK8hOrP4k=
gopkg.in/yaml.v2 v2.2.1/go.mod h1:hI93XBmqTisBFMUTm0b8Fm+jr3Dg1NNxqwp+5A1VGuI=
gopkg.in/yaml.v2 v2.2.2/go.mod h1:hI93XBmqTisBFMUTm0b8Fm+jr3Dg1NNxqwp+5A1VGuI=
gopkg.in/yaml.v2 v2.2.8 h1:obN1ZagJSUGI0Ek/LBmuj4SNLPfIny3KsKFopxRdj10=
gopkg.in/yaml.v2 v2.2.8/go.mod h1:hI93XBmqTisBFMUTm0b8Fm+jr3Dg1NNxqwp+5A1VGuI=
gopkg.in/yaml.v3 v3.0.0-20200313102051-9f266ea9e77c/go.mod h1:K4uyk7z7BCEPqu6E+C64Yfv1cQ7kz7rIZviUmN+EgEM=
gopkg.in/yaml.v3 v3.0.0-20210107192922-496545a6307b h1:h8qDotaEPuJATrMmW04NCwg7v22aHH28wwpauUhK9Oo=
gopkg.in/yaml.v3 v3.0.0-20210107192922-496545a6307b/go.mod h1:K4uyk7z7BCEPqu6E+C64Yfv1cQ7kz7rIZviUmN+EgEM=
howett.net/plist v0.0.0-20201203080718-1454fab16a06/go.mod h1:vMygbs4qMhSZSc4lCUl2OEE+rDiIIJAIdR4m7MiMcm0=
